// !$*UTF8*$!
{
	archiveVersion = 1;
	classes = {
	};
	objectVersion = 50;
	objects = {

/* Begin PBXBuildFile section */
		CF37F918265F073500C9D188 /* main.m in Sources */ = {isa = PBXBuildFile; fileRef = CF37F917265F073500C9D188 /* main.m */; };
		CF37F920265F1B0B00C9D188 /* Animal.m in Sources */ = {isa = PBXBuildFile; fileRef = CF37F91F265F1B0B00C9D188 /* Animal.m */; };
		CF37F923265F285A00C9D188 /* Koala.m in Sources */ = {isa = PBXBuildFile; fileRef = CF37F922265F285A00C9D188 /* Koala.m */; };
		CF37F926265F608D00C9D188 /* Animal+Exam.m in Sources */ = {isa = PBXBuildFile; fileRef = CF37F925265F608D00C9D188 /* Animal+Exam.m */; };
/* End PBXBuildFile section */

/* Begin PBXCopyFilesBuildPhase section */
		CF37F912265F073500C9D188 /* CopyFiles */ = {
			isa = PBXCopyFilesBuildPhase;
			buildActionMask = 2147483647;
			dstPath = /usr/share/man/man1/;
			dstSubfolderSpec = 0;
			files = (
			);
			runOnlyForDeploymentPostprocessing = 1;
		};
/* End PBXCopyFilesBuildPhase section */

/* Begin PBXFileReference section */
		CF37F914265F073500C9D188 /* Objctut2 */ = {isa = PBXFileReference; explicitFileType = "compiled.mach-o.executable"; includeInIndex = 0; path = Objctut2; sourceTree = BUILT_PRODUCTS_DIR; };
		CF37F917265F073500C9D188 /* main.m */ = {isa = PBXFileReference; lastKnownFileType = sourcecode.c.objc; path = main.m; sourceTree = "<group>"; };
		CF37F91E265F1B0B00C9D188 /* Animal.h */ = {isa = PBXFileReference; lastKnownFileType = sourcecode.c.h; path = Animal.h; sourceTree = "<group>"; wrapsLines = 1; };
		CF37F91F265F1B0B00C9D188 /* Animal.m */ = {isa = PBXFileReference; lastKnownFileType = sourcecode.c.objc; path = Animal.m; sourceTree = "<group>"; };
		CF37F921265F285A00C9D188 /* Koala.h */ = {isa = PBXFileReference; lastKnownFileType = sourcecode.c.h; path = Koala.h; sourceTree = "<group>"; };
		CF37F922265F285A00C9D188 /* Koala.m */ = {isa = PBXFileReference; lastKnownFileType = sourcecode.c.objc; path = Koala.m; sourceTree = "<group>"; };
		CF37F924265F608D00C9D188 /* Animal+Exam.h */ = {isa = PBXFileReference; lastKnownFileType = sourcecode.c.h; path = "Animal+Exam.h"; sourceTree = "<group>"; };
		CF37F925265F608D00C9D188 /* Animal+Exam.m */ = {isa = PBXFileReference; lastKnownFileType = sourcecode.c.objc; path = "Animal+Exam.m"; sourceTree = "<group>"; };
/* End PBXFileReference section */

/* Begin PBXFrameworksBuildPhase section */
		CF37F911265F073500C9D188 /* Frameworks */ = {
			isa = PBXFrameworksBuildPhase;
			buildActionMask = 2147483647;
			files = (
			);
			runOnlyForDeploymentPostprocessing = 0;
		};
/* End PBXFrameworksBuildPhase section */

/* Begin PBXGroup section */
		CF37F90B265F073500C9D188 = {
			isa = PBXGroup;
			children = (
				CF37F916265F073500C9D188 /* Objctut2 */,
				CF37F915265F073500C9D188 /* Products */,
			);
			sourceTree = "<group>";
		};
		CF37F915265F073500C9D188 /* Products */ = {
			isa = PBXGroup;
			children = (
				CF37F914265F073500C9D188 /* Objctut2 */,
			);
			name = Products;
			sourceTree = "<group>";
		};
		CF37F916265F073500C9D188 /* Objctut2 */ = {
			isa = PBXGroup;
			children = (
				CF37F917265F073500C9D188 /* main.m */,
				CF37F91E265F1B0B00C9D188 /* Animal.h */,
				CF37F91F265F1B0B00C9D188 /* Animal.m */,
				CF37F921265F285A00C9D188 /* Koala.h */,
				CF37F922265F285A00C9D188 /* Koala.m */,
				CF37F924265F608D00C9D188 /* Animal+Exam.h */,
				CF37F925265F608D00C9D188 /* Animal+Exam.m */,
			);
			path = Objctut2;
			sourceTree = "<group>";
		};
/* End PBXGroup section */

/* Begin PBXNativeTarget section */
		CF37F913265F073500C9D188 /* Objctut2 */ = {
			isa = PBXNativeTarget;
			buildConfigurationList = CF37F91B265F073500C9D188 /* Build configuration list for PBXNativeTarget "Objctut2" */;
			buildPhases = (
				CF37F910265F073500C9D188 /* Sources */,
				CF37F911265F073500C9D188 /* Frameworks */,
				CF37F912265F073500C9D188 /* CopyFiles */,
			);
			buildRules = (
			);
			dependencies = (
			);
			name = Objctut2;
			productName = Objctut2;
			productReference = CF37F914265F073500C9D188 /* Objctut2 */;
			productType = "com.apple.product-type.tool";
		};
/* End PBXNativeTarget section */

/* Begin PBXProject section */
		CF37F90C265F073500C9D188 /* Project object */ = {
			isa = PBXProject;
			attributes = {
				LastUpgradeCheck = 1250;
				TargetAttributes = {
					CF37F913265F073500C9D188 = {
						CreatedOnToolsVersion = 12.5;
					};
				};
			};
			buildConfigurationList = CF37F90F265F073500C9D188 /* Build configuration list for PBXProject "Objctut2" */;
			compatibilityVersion = "Xcode 9.3";
			developmentRegion = en;
			hasScannedForEncodings = 0;
			knownRegions = (
				en,
				Base,
			);
			mainGroup = CF37F90B265F073500C9D188;
			productRefGroup = CF37F915265F073500C9D188 /* Products */;
			projectDirPath = "";
			projectRoot = "";
			targets = (
				CF37F913265F073500C9D188 /* Objctut2 */,
			);
		};
/* End PBXProject section */

/* Begin PBXSourcesBuildPhase section */
		CF37F910265F073500C9D188 /* Sources */ = {
			isa = PBXSourcesBuildPhase;
			buildActionMask = 2147483647;
			files = (
				CF37F926265F608D00C9D188 /* Animal+Exam.m in Sources */,
				CF37F923265F285A00C9D188 /* Koala.m in Sources */,
				CF37F918265F073500C9D188 /* main.m in Sources */,
				CF37F920265F1B0B00C9D188 /* Animal.m in Sources */,
			);
			runOnlyForDeploymentPostprocessing = 0;
		};
/* End PBXSourcesBuildPhase section */

/* Begin XCBuildConfiguration section */
		CF37F919265F073500C9D188 /* Debug */ = {
			isa = XCBuildConfiguration;
			buildSettings = {
				ALWAYS_SEARCH_USER_PATHS = NO;
				CLANG_ANALYZER_NONNULL = YES;
				CLANG_ANALYZER_NUMBER_OBJECT_CONVERSION = YES_AGGRESSIVE;
				CLANG_CXX_LANGUAGE_STANDARD = "gnu++14";
				CLANG_CXX_LIBRARY = "libc++";
				CLANG_ENABLE_MODULES = YES;
				CLANG_ENABLE_OBJC_ARC = YES;
				CLANG_ENABLE_OBJC_WEAK = YES;
				CLANG_WARN_BLOCK_CAPTURE_AUTORELEASING = YES;
				CLANG_WARN_BOOL_CONVERSION = YES;
				CLANG_WARN_COMMA = YES;
				CLANG_WARN_CONSTANT_CONVERSION = YES;
				CLANG_WARN_DEPRECATED_OBJC_IMPLEMENTATIONS = YES;
				CLANG_WARN_DIRECT_OBJC_ISA_USAGE = YES_ERROR;
				CLANG_WARN_DOCUMENTATION_COMMENTS = YES;
				CLANG_WARN_EMPTY_BODY = YES;
				CLANG_WARN_ENUM_CONVERSION = YES;
				CLANG_WARN_INFINITE_RECURSION = YES;
				CLANG_WARN_INT_CONVERSION = YES;
				CLANG_WARN_NON_LITERAL_NULL_CONVERSION = YES;
				CLANG_WARN_OBJC_IMPLICIT_RETAIN_SELF = YES;
				CLANG_WARN_OBJC_LITERAL_CONVERSION = YES;
				CLANG_WARN_OBJC_ROOT_CLASS = YES_ERROR;
				CLANG_WARN_QUOTED_INCLUDE_IN_FRAMEWORK_HEADER = YES;
				CLANG_WARN_RANGE_LOOP_ANALYSIS = YES;
				CLANG_WARN_STRICT_PROTOTYPES = YES;
				CLANG_WARN_SUSPICIOUS_MOVE = YES;
				CLANG_WARN_UNGUARDED_AVAILABILITY = YES_AGGRESSIVE;
				CLANG_WARN_UNREACHABLE_CODE = YES;
				CLANG_WARN__DUPLICATE_METHOD_MATCH = YES;
				COPY_PHASE_STRIP = NO;
				DEBUG_INFORMATION_FORMAT = dwarf;
				ENABLE_STRICT_OBJC_MSGSEND = YES;
				ENABLE_TESTABILITY = YES;
				GCC_C_LANGUAGE_STANDARD = gnu11;
				GCC_DYNAMIC_NO_PIC = NO;
				GCC_NO_COMMON_BLOCKS = YES;
				GCC_OPTIMIZATION_LEVEL = 0;
				GCC_PREPROCESSOR_DEFINITIONS = (
					"DEBUG=1",
					"$(inherited)",
				);
				GCC_WARN_64_TO_32_BIT_CONVERSION = YES;
				GCC_WARN_ABOUT_RETURN_TYPE = YES_ERROR;
				GCC_WARN_UNDECLARED_SELECTOR = YES;
				GCC_WARN_UNINITIALIZED_AUTOS = YES_AGGRESSIVE;
				GCC_WARN_UNUSED_FUNCTION = YES;
				GCC_WARN_UNUSED_VARIABLE = YES;
				MACOSX_DEPLOYMENT_TARGET = 11.2;
				MTL_ENABLE_DEBUG_INFO = INCLUDE_SOURCE;
				MTL_FAST_MATH = YES;
				ONLY_ACTIVE_ARCH = YES;
				SDKROOT = macosx;
			};
			name = Debug;
		};
		CF37F91A265F073500C9D188 /* Release */ = {
			isa = XCBuildConfiguration;
			buildSettings = {
				ALWAYS_SEARCH_USER_PATHS = NO;
				CLANG_ANALYZER_NONNULL = YES;
				CLANG_ANALYZER_NUMBER_OBJECT_CONVERSION = YES_AGGRESSIVE;
				CLANG_CXX_LANGUAGE_STANDARD = "gnu++14";
				CLANG_CXX_LIBRARY = "libc++";
				CLANG_ENABLE_MODULES = YES;
				CLANG_ENABLE_OBJC_ARC = YES;
				CLANG_ENABLE_OBJC_WEAK = YES;
				CLANG_WARN_BLOCK_CAPTURE_AUTORELEASING = YES;
				CLANG_WARN_BOOL_CONVERSION = YES;
				CLANG_WARN_COMMA = YES;
				CLANG_WARN_CONSTANT_CONVERSION = YES;
				CLANG_WARN_DEPRECATED_OBJC_IMPLEMENTATIONS = YES;
				CLANG_WARN_DIRECT_OBJC_ISA_USAGE = YES_ERROR;
				CLANG_WARN_DOCUMENTATION_COMMENTS = YES;
				CLANG_WARN_EMPTY_BODY = YES;
				CLANG_WARN_ENUM_CONVERSION = YES;
				CLANG_WARN_INFINITE_RECURSION = YES;
				CLANG_WARN_INT_CONVERSION = YES;
				CLANG_WARN_NON_LITERAL_NULL_CONVERSION = YES;
				CLANG_WARN_OBJC_IMPLICIT_RETAIN_SELF = YES;
				CLANG_WARN_OBJC_LITERAL_CONVERSION = YES;
				CLANG_WARN_OBJC_ROOT_CLASS = YES_ERROR;
				CLANG_WARN_QUOTED_INCLUDE_IN_FRAMEWORK_HEADER = YES;
				CLANG_WARN_RANGE_LOOP_ANALYSIS = YES;
				CLANG_WARN_STRICT_PROTOTYPES = YES;
				CLANG_WARN_SUSPICIOUS_MOVE = YES;
				CLANG_WARN_UNGUARDED_AVAILABILITY = YES_AGGRESSIVE;
				CLANG_WARN_UNREACHABLE_CODE = YES;
				CLANG_WARN__DUPLICATE_METHOD_MATCH = YES;
				COPY_PHASE_STRIP = NO;
				DEBUG_INFORMATION_FORMAT = "dwarf-with-dsym";
				ENABLE_NS_ASSERTIONS = NO;
				ENABLE_STRICT_OBJC_MSGSEND = YES;
				GCC_C_LANGUAGE_STANDARD = gnu11;
				GCC_NO_COMMON_BLOCKS = YES;
				GCC_WARN_64_TO_32_BIT_CONVERSION = YES;
				GCC_WARN_ABOUT_RETURN_TYPE = YES_ERROR;
				GCC_WARN_UNDECLARED_SELECTOR = YES;
				GCC_WARN_UNINITIALIZED_AUTOS = YES_AGGRESSIVE;
				GCC_WARN_UNUSED_FUNCTION = YES;
				GCC_WARN_UNUSED_VARIABLE = YES;
				MACOSX_DEPLOYMENT_TARGET = 11.2;
				MTL_ENABLE_DEBUG_INFO = NO;
				MTL_FAST_MATH = YES;
				SDKROOT = macosx;
			};
			name = Release;
		};
		CF37F91C265F073500C9D188 /* Debug */ = {
			isa = XCBuildConfiguration;
			buildSettings = {
				CODE_SIGN_STYLE = Automatic;
				PRODUCT_NAME = "$(TARGET_NAME)";
			};
			name = Debug;
		};
		CF37F91D265F073500C9D188 /* Release */ = {
			isa = XCBuildConfiguration;
			buildSettings = {
				CODE_SIGN_STYLE = Automatic;
				PRODUCT_NAME = "$(TARGET_NAME)";
			};
			name = Release;
		};
/* End XCBuildConfiguration section */

/* Begin XCConfigurationList section */
		CF37F90F265F073500C9D188 /* Build configuration list for PBXProject "Objctut2" */ = {
			isa = XCConfigurationList;
			buildConfigurations = (
				CF37F919265F073500C9D188 /* Debug */,
				CF37F91A265F073500C9D188 /* Release */,
			);
			defaultConfigurationIsVisible = 0;
			defaultConfigurationName = Release;
		};
		CF37F91B265F073500C9D188 /* Build configuration list for PBXNativeTarget "Objctut2" */ = {
			isa = XCConfigurationList;
			buildConfigurations = (
				CF37F91C265F073500C9D188 /* Debug */,
				CF37F91D265F073500C9D188 /* Release */,
			);
			defaultConfigurationIsVisible = 0;
			defaultConfigurationName = Release;
		};
/* End XCConfigurationList section */
	};
	rootObject = CF37F90C265F073500C9D188 /* Project object */;
}
